
Microsoft Visual Studio Solution File, Format Version 12.00
# Visual Studio Version 16
VisualStudioVersion = 16.0.30611.23
MinimumVisualStudioVersion = 10.0.40219.1
Project("{FAE04EC0-301F-11D3-BF4B-00C04F79EFBC}") = "Asng-3", "Asng-3\Asng-3.csproj", "{585818D7-36AB-4BF6-9FF7-1F6352A55358}"
EndProject
Global
	GlobalSection(SolutionConfigurationPlatforms) = preSolution
		Debug|Any CPU = Debug|Any CPU
		Release|Any CPU = Release|Any CPU
	EndGlobalSection
	GlobalSection(ProjectConfigurationPlatforms) = postSolution
		{585818D7-36AB-4BF6-9FF7-1F6352A55358}.Debug|Any CPU.ActiveCfg = Debug|Any CPU
		{585818D7-36AB-4BF6-9FF7-1F6352A55358}.Debug|Any CPU.Build.0 = Debug|Any CPU
		{585818D7-36AB-4BF6-9FF7-1F6352A55358}.Release|Any CPU.ActiveCfg = Release|Any CPU
		{585818D7-36AB-4BF6-9FF7-1F6352A55358}.Release|Any CPU.Build.0 = Release|Any CPU
	EndGlobalSection
	GlobalSection(SolutionProperties) = preSolution
		HideSolutionNode = FALSE
	EndGlobalSection
	GlobalSection(ExtensibilityGlobals) = postSolution
		SolutionGuid = {EACB02BA-E008-4182-A7DA-9B7BF56F3FED}
	EndGlobalSection
EndGlobal
